
Microsoft Visual Studio Solution File, Format Version 12.00
# Visual Studio Version 17
VisualStudioVersion = 17.13.35919.96 d17.13
MinimumVisualStudioVersion = 10.0.40219.1
Project("{FAE04EC0-301F-11D3-BF4B-00C04F79EFBC}") = "CommandMessenger", "CommandMessenger\CommandMessenger.csproj", "{3CF8F8FC-6F5C-46F8-94DC-C2E4C505ECA4}"
EndProject
Project("{FAE04EC0-301F-11D3-BF4B-00C04F79EFBC}") = "1-Receive", "Samples\Receive\1-Receive.csproj", "{C5545DBA-7364-4FD1-B061-9C5FA5C06141}"
EndProject
Project("{FAE04EC0-301F-11D3-BF4B-00C04F79EFBC}") = "2-SendAndReceive", "Samples\SendAndReceive\2-SendAndReceive.csproj", "{37286642-47EE-44D8-87D9-3CFAFC8D68BD}"
EndProject
Project("{FAE04EC0-301F-11D3-BF4B-00C04F79EFBC}") = "3-SendAndReceiveArguments", "Samples\SendAndReceiveArguments\3-SendAndReceiveArguments.csproj", "{A1DBBE25-AD1A-4AA0-9CB4-5BD47B495178}"
EndProject
Project("{FAE04EC0-301F-11D3-BF4B-00C04F79EFBC}") = "4-SendAndReceiveBinaryArguments", "Samples\SendAndReceiveBinaryArguments\4-SendAndReceiveBinaryArguments.csproj", "{E8A22A1D-5EA8-4FF1-808A-503225720837}"
EndProject
Project("{FAE04EC0-301F-11D3-BF4B-00C04F79EFBC}") = "5-DataLogging", "Samples\DataLogging\5-DataLogging.csproj", "{8CBED77C-78BF-453F-8733-97798A95916F}"
EndProject
Project("{FAE04EC0-301F-11D3-BF4B-00C04F79EFBC}") = "6-ArduinoController", "Samples\ArduinoController\6-ArduinoController.csproj", "{F994C186-EB6F-4E71-B274-DBF46F3534BB}"
EndProject
Project("{FAE04EC0-301F-11D3-BF4B-00C04F79EFBC}") = "7-SimpleWatchdog", "Samples\SimpleWatchdog\7-SimpleWatchdog.csproj", "{0D783DF1-9DEB-406D-8410-33A789B1FFD4}"
EndProject
Project("{FAE04EC0-301F-11D3-BF4B-00C04F79EFBC}") = "8-SimpleBluetooth", "Samples\SimpleBluetooth\8-SimpleBluetooth.csproj", "{D1494302-6BD6-415F-A43A-4C3CD3EB7FD9}"
EndProject
Project("{FAE04EC0-301F-11D3-BF4B-00C04F79EFBC}") = "9-TemperatureControl", "Samples\TemperatureControl\9-TemperatureControl.csproj", "{78810760-E45A-4ACB-8D94-0E359E2F73FB}"
EndProject
Project("{FAE04EC0-301F-11D3-BF4B-00C04F79EFBC}") = "10-ArduinoJoystick", "Samples\ArduinoJoystick\10-ArduinoJoystick.csproj", "{EE7A357C-DC1D-4617-8787-64798B990C4E}"
EndProject
Project("{2150E333-8FDC-42A3-9474-1A3956D46DE8}") = "Samples", "Samples", "{11111111-1111-1111-1111-111111111111}"
EndProject
Project("{2150E333-8FDC-42A3-9474-1A3956D46DE8}") = "CommandMessenger.Transport", "CommandMessenger.Transport", "{36B3296D-342F-4F63-8BC3-ADA3DB458A88}"
EndProject
Project("{FAE04EC0-301F-11D3-BF4B-00C04F79EFBC}") = "CommandMessenger.Transport.Serial", "Transport\CommandMessenger.Transport.Serial\CommandMessenger.Transport.Serial.csproj", "{00D85F0B-00A5-41FA-8A99-428C0199C663}"
EndProject
Project("{FAE04EC0-301F-11D3-BF4B-00C04F79EFBC}") = "CommandMessenger.Transport.Network", "Transport\CommandMessenger.Transport.Network\CommandMessenger.Transport.Network.csproj", "{1C05AD41-693D-440B-A787-AF196B0F9576}"
EndProject
Project("{FAE04EC0-301F-11D3-BF4B-00C04F79EFBC}") = "CommandMessenger.Transport.Bluetooth", "Transport\CommandMessenger.Transport.Bluetooth\CommandMessenger.Transport.Bluetooth.csproj", "{68BE9E17-9B05-4B66-BDE6-F2A4C50858EA}"
EndProject
Project("{FAE04EC0-301F-11D3-BF4B-00C04F79EFBC}") = "CommandMessenger.Transport.IPC", "Transport\CommandMessenger.Transport.IPC\CommandMessenger.Transport.IPC.csproj", "{27DF28C4-F702-4AF5-8104-133833253AA6}"
EndProject
Project("{2150E333-8FDC-42A3-9474-1A3956D46DE8}") = "Tests", "Tests", "{22222222-2222-2222-2222-222222222222}"
EndProject
Project("{FAE04EC0-301F-11D3-BF4B-00C04F79EFBC}") = "CommandMessenger.Tests", "Tests\CommandMessenger.Tests\CommandMessenger.Tests.csproj", "{A1B2C3D4-E5F6-7890-ABCD-EF1234567890}"
EndProject
Project("{FAE04EC0-301F-11D3-BF4B-00C04F79EFBC}") = "CommandMessenger.IntegrationTests", "Tests\CommandMessenger.IntegrationTests\CommandMessenger.IntegrationTests.csproj", "{B2C3D4E5-F6A7-8901-BCDE-F12345678901}"
EndProject
Global
	GlobalSection(SolutionConfigurationPlatforms) = preSolution
		Debug|Any CPU = Debug|Any CPU
		Release|Any CPU = Release|Any CPU
	EndGlobalSection
	GlobalSection(ProjectConfigurationPlatforms) = postSolution
		{3CF8F8FC-6F5C-46F8-94DC-C2E4C505ECA4}.Debug|Any CPU.ActiveCfg = Debug|Any CPU
		{3CF8F8FC-6F5C-46F8-94DC-C2E4C505ECA4}.Debug|Any CPU.Build.0 = Debug|Any CPU
		{3CF8F8FC-6F5C-46F8-94DC-C2E4C505ECA4}.Release|Any CPU.ActiveCfg = Release|Any CPU
		{3CF8F8FC-6F5C-46F8-94DC-C2E4C505ECA4}.Release|Any CPU.Build.0 = Release|Any CPU
		{C5545DBA-7364-4FD1-B061-9C5FA5C06141}.Debug|Any CPU.ActiveCfg = Debug|Any CPU
		{C5545DBA-7364-4FD1-B061-9C5FA5C06141}.Debug|Any CPU.Build.0 = Debug|Any CPU
		{C5545DBA-7364-4FD1-B061-9C5FA5C06141}.Release|Any CPU.ActiveCfg = Release|Any CPU
		{C5545DBA-7364-4FD1-B061-9C5FA5C06141}.Release|Any CPU.Build.0 = Release|Any CPU
		{37286642-47EE-44D8-87D9-3CFAFC8D68BD}.Debug|Any CPU.ActiveCfg = Debug|Any CPU
		{37286642-47EE-44D8-87D9-3CFAFC8D68BD}.Debug|Any CPU.Build.0 = Debug|Any CPU
		{37286642-47EE-44D8-87D9-3CFAFC8D68BD}.Release|Any CPU.ActiveCfg = Release|Any CPU
		{37286642-47EE-44D8-87D9-3CFAFC8D68BD}.Release|Any CPU.Build.0 = Release|Any CPU
		{A1DBBE25-AD1A-4AA0-9CB4-5BD47B495178}.Debug|Any CPU.ActiveCfg = Debug|Any CPU
		{A1DBBE25-AD1A-4AA0-9CB4-5BD47B495178}.Debug|Any CPU.Build.0 = Debug|Any CPU
		{A1DBBE25-AD1A-4AA0-9CB4-5BD47B495178}.Release|Any CPU.ActiveCfg = Release|Any CPU
		{A1DBBE25-AD1A-4AA0-9CB4-5BD47B495178}.Release|Any CPU.Build.0 = Release|Any CPU
		{E8A22A1D-5EA8-4FF1-808A-503225720837}.Debug|Any CPU.ActiveCfg = Debug|Any CPU
		{E8A22A1D-5EA8-4FF1-808A-503225720837}.Debug|Any CPU.Build.0 = Debug|Any CPU
		{E8A22A1D-5EA8-4FF1-808A-503225720837}.Release|Any CPU.ActiveCfg = Release|Any CPU
		{E8A22A1D-5EA8-4FF1-808A-503225720837}.Release|Any CPU.Build.0 = Release|Any CPU
		{8CBED77C-78BF-453F-8733-97798A95916F}.Debug|Any CPU.ActiveCfg = Debug|Any CPU
		{8CBED77C-78BF-453F-8733-97798A95916F}.Debug|Any CPU.Build.0 = Debug|Any CPU
		{8CBED77C-78BF-453F-8733-97798A95916F}.Release|Any CPU.ActiveCfg = Release|Any CPU
		{8CBED77C-78BF-453F-8733-97798A95916F}.Release|Any CPU.Build.0 = Release|Any CPU
		{F994C186-EB6F-4E71-B274-DBF46F3534BB}.Debug|Any CPU.ActiveCfg = Debug|Any CPU
		{F994C186-EB6F-4E71-B274-DBF46F3534BB}.Debug|Any CPU.Build.0 = Debug|Any CPU
		{F994C186-EB6F-4E71-B274-DBF46F3534BB}.Release|Any CPU.ActiveCfg = Release|Any CPU
		{F994C186-EB6F-4E71-B274-DBF46F3534BB}.Release|Any CPU.Build.0 = Release|Any CPU
		{0D783DF1-9DEB-406D-8410-33A789B1FFD4}.Debug|Any CPU.ActiveCfg = Debug|Any CPU
		{0D783DF1-9DEB-406D-8410-33A789B1FFD4}.Debug|Any CPU.Build.0 = Debug|Any CPU
		{0D783DF1-9DEB-406D-8410-33A789B1FFD4}.Release|Any CPU.ActiveCfg = Release|Any CPU
		{0D783DF1-9DEB-406D-8410-33A789B1FFD4}.Release|Any CPU.Build.0 = Release|Any CPU
		{D1494302-6BD6-415F-A43A-4C3CD3EB7FD9}.Debug|Any CPU.ActiveCfg = Debug|Any CPU
		{D1494302-6BD6-415F-A43A-4C3CD3EB7FD9}.Debug|Any CPU.Build.0 = Debug|Any CPU
		{D1494302-6BD6-415F-A43A-4C3CD3EB7FD9}.Release|Any CPU.ActiveCfg = Release|Any CPU
		{D1494302-6BD6-415F-A43A-4C3CD3EB7FD9}.Release|Any CPU.Build.0 = Release|Any CPU
		{78810760-E45A-4ACB-8D94-0E359E2F73FB}.Debug|Any CPU.ActiveCfg = Debug|Any CPU
		{78810760-E45A-4ACB-8D94-0E359E2F73FB}.Debug|Any CPU.Build.0 = Debug|Any CPU
		{78810760-E45A-4ACB-8D94-0E359E2F73FB}.Release|Any CPU.ActiveCfg = Release|Any CPU
		{78810760-E45A-4ACB-8D94-0E359E2F73FB}.Release|Any CPU.Build.0 = Release|Any CPU
		{EE7A357C-DC1D-4617-8787-64798B990C4E}.Debug|Any CPU.ActiveCfg = Debug|Any CPU
		{EE7A357C-DC1D-4617-8787-64798B990C4E}.Debug|Any CPU.Build.0 = Debug|Any CPU
		{EE7A357C-DC1D-4617-8787-64798B990C4E}.Release|Any CPU.ActiveCfg = Release|Any CPU
		{EE7A357C-DC1D-4617-8787-64798B990C4E}.Release|Any CPU.Build.0 = Release|Any CPU
		{00D85F0B-00A5-41FA-8A99-428C0199C663}.Debug|Any CPU.ActiveCfg = Debug|Any CPU
		{00D85F0B-00A5-41FA-8A99-428C0199C663}.Debug|Any CPU.Build.0 = Debug|Any CPU
		{00D85F0B-00A5-41FA-8A99-428C0199C663}.Release|Any CPU.ActiveCfg = Release|Any CPU
		{00D85F0B-00A5-41FA-8A99-428C0199C663}.Release|Any CPU.Build.0 = Release|Any CPU
		{1C05AD41-693D-440B-A787-AF196B0F9576}.Debug|Any CPU.ActiveCfg = Debug|Any CPU
		{1C05AD41-693D-440B-A787-AF196B0F9576}.Debug|Any CPU.Build.0 = Debug|Any CPU
		{1C05AD41-693D-440B-A787-AF196B0F9576}.Release|Any CPU.ActiveCfg = Release|Any CPU
		{1C05AD41-693D-440B-A787-AF196B0F9576}.Release|Any CPU.Build.0 = Release|Any CPU
		{68BE9E17-9B05-4B66-BDE6-F2A4C50858EA}.Debug|Any CPU.ActiveCfg = Debug|Any CPU
		{68BE9E17-9B05-4B66-BDE6-F2A4C50858EA}.Debug|Any CPU.Build.0 = Debug|Any CPU
		{68BE9E17-9B05-4B66-BDE6-F2A4C50858EA}.Release|Any CPU.ActiveCfg = Release|Any CPU
		{68BE9E17-9B05-4B66-BDE6-F2A4C50858EA}.Release|Any CPU.Build.0 = Release|Any CPU
		{27DF28C4-F702-4AF5-8104-133833253AA6}.Debug|Any CPU.ActiveCfg = Debug|Any CPU
		{27DF28C4-F702-4AF5-8104-133833253AA6}.Debug|Any CPU.Build.0 = Debug|Any CPU
		{27DF28C4-F702-4AF5-8104-133833253AA6}.Release|Any CPU.ActiveCfg = Release|Any CPU
		{27DF28C4-F702-4AF5-8104-133833253AA6}.Release|Any CPU.Build.0 = Release|Any CPU
		{A1B2C3D4-E5F6-7890-ABCD-EF1234567890}.Debug|Any CPU.ActiveCfg = Debug|Any CPU
		{A1B2C3D4-E5F6-7890-ABCD-EF1234567890}.Debug|Any CPU.Build.0 = Debug|Any CPU
		{A1B2C3D4-E5F6-7890-ABCD-EF1234567890}.Release|Any CPU.ActiveCfg = Release|Any CPU
		{A1B2C3D4-E5F6-7890-ABCD-EF1234567890}.Release|Any CPU.Build.0 = Release|Any CPU
		{B2C3D4E5-F6A7-8901-BCDE-F12345678901}.Debug|Any CPU.ActiveCfg = Debug|Any CPU
		{B2C3D4E5-F6A7-8901-BCDE-F12345678901}.Debug|Any CPU.Build.0 = Debug|Any CPU
		{B2C3D4E5-F6A7-8901-BCDE-F12345678901}.Release|Any CPU.ActiveCfg = Release|Any CPU
		{B2C3D4E5-F6A7-8901-BCDE-F12345678901}.Release|Any CPU.Build.0 = Release|Any CPU
	EndGlobalSection
	GlobalSection(SolutionProperties) = preSolution
		HideSolutionNode = FALSE
	EndGlobalSection
	GlobalSection(NestedProjects) = preSolution
		{C5545DBA-7364-4FD1-B061-9C5FA5C06141} = {11111111-1111-1111-1111-111111111111}
		{37286642-47EE-44D8-87D9-3CFAFC8D68BD} = {11111111-1111-1111-1111-111111111111}
		{A1DBBE25-AD1A-4AA0-9CB4-5BD47B495178} = {11111111-1111-1111-1111-111111111111}
		{E8A22A1D-5EA8-4FF1-808A-503225720837} = {11111111-1111-1111-1111-111111111111}
		{8CBED77C-78BF-453F-8733-97798A95916F} = {11111111-1111-1111-1111-111111111111}
		{F994C186-EB6F-4E71-B274-DBF46F3534BB} = {11111111-1111-1111-1111-111111111111}
		{78810760-E45A-4ACB-8D94-0E359E2F73FB} = {11111111-1111-1111-1111-111111111111}
		{0D783DF1-9DEB-406D-8410-33A789B1FFD4} = {11111111-1111-1111-1111-111111111111}
		{D1494302-6BD6-415F-A43A-4C3CD3EB7FD9} = {11111111-1111-1111-1111-111111111111}
		{EE7A357C-DC1D-4617-8787-64798B990C4E} = {11111111-1111-1111-1111-111111111111}
		{00D85F0B-00A5-41FA-8A99-428C0199C663} = {36B3296D-342F-4F63-8BC3-ADA3DB458A88}
		{1C05AD41-693D-440B-A787-AF196B0F9576} = {36B3296D-342F-4F63-8BC3-ADA3DB458A88}
		{68BE9E17-9B05-4B66-BDE6-F2A4C50858EA} = {36B3296D-342F-4F63-8BC3-ADA3DB458A88}
		{27DF28C4-F702-4AF5-8104-133833253AA6} = {36B3296D-342F-4F63-8BC3-ADA3DB458A88}
		{A1B2C3D4-E5F6-7890-ABCD-EF1234567890} = {22222222-2222-2222-2222-222222222222}
		{B2C3D4E5-F6A7-8901-BCDE-F12345678901} = {22222222-2222-2222-2222-222222222222}
	EndGlobalSection
	GlobalSection(ExtensibilityGlobals) = postSolution
		SolutionGuid = {3B2BE7B1-A38B-4F02-9B0E-317E6D669899}
	EndGlobalSection
EndGlobal
